# This file is @generated by PDM.
# It is not intended for manual editing.

[metadata]
groups = ["default"]
strategy = ["cross_platform", "inherit_metadata"]
lock_version = "4.4.1"
content_hash = "sha256:31e0a342c2de9c07eed14be8450954debe7613152e9f7cdfeeadebfe56d3f51d"

[[package]]
name = "click"
version = "8.1.7"
requires_python = ">=3.7"
summary = "Composable command line interface toolkit"
groups = ["default"]
dependencies = [
    "colorama; platform_system == \"Windows\"",
]
files = [
    {file = "click-8.1.7-py3-none-any.whl", hash = "sha256:ae74fb96c20a0277a1d615f1e4d73c8414f5a98db8b799a7931d1582f3390c28"},
    {file = "click-8.1.7.tar.gz", hash = "sha256:ca9853ad459e787e2192211578cc907e7594e294c7ccc834310722b41b9ca6de"},
]

[[package]]
name = "colorama"
version = "0.4.6"
requires_python = "!=3.0.*,!=3.1.*,!=3.2.*,!=3.3.*,!=3.4.*,!=3.5.*,!=3.6.*,>=2.7"
summary = "Cross-platform colored terminal text."
groups = ["default"]
marker = "platform_system == \"Windows\""
files = [
    {file = "colorama-0.4.6-py2.py3-none-any.whl", hash = "sha256:4f1d9991f5acc0ca119f9d443620b77f9d6b33703e51011c16baf57afb285fc6"},
    {file = "colorama-0.4.6.tar.gz", hash = "sha256:08695f5cb7ed6e0531a20572697297273c47b8cae5a63ffc6d6ed5c201be6e44"},
]

[[package]]
name = "joblib"
version = "1.4.0"
requires_python = ">=3.8"
summary = "Lightweight pipelining with Python functions"
groups = ["default"]
files = [
    {file = "joblib-1.4.0-py3-none-any.whl", hash = "sha256:42942470d4062537be4d54c83511186da1fc14ba354961a2114da91efa9a4ed7"},
    {file = "joblib-1.4.0.tar.gz", hash = "sha256:1eb0dc091919cd384490de890cb5dfd538410a6d4b3b54eef09fb8c50b409b1c"},
]

[[package]]
name = "nltk"
version = "3.8.1"
requires_python = ">=3.7"
summary = "Natural Language Toolkit"
groups = ["default"]
dependencies = [
    "click",
    "joblib",
    "regex>=2021.8.3",
    "tqdm",
]
files = [
    {file = "nltk-3.8.1-py3-none-any.whl", hash = "sha256:fd5c9109f976fa86bcadba8f91e47f5e9293bd034474752e92a520f81c93dda5"},
    {file = "nltk-3.8.1.zip", hash = "sha256:1834da3d0682cba4f2cede2f9aad6b0fafb6461ba451db0efb6f9c39798d64d3"},
]

[[package]]
name = "regex"
version = "2024.4.16"
requires_python = ">=3.7"
summary = "Alternative regular expression module, to replace re."
groups = ["default"]
files = [
    {file = "regex-2024.4.16-cp311-cp311-macosx_10_9_universal2.whl", hash = "sha256:1210365faba7c2150451eb78ec5687871c796b0f1fa701bfd2a4a25420482d26"},
    {file = "regex-2024.4.16-cp311-cp311-macosx_10_9_x86_64.whl", hash = "sha256:9ab40412f8cd6f615bfedea40c8bf0407d41bf83b96f6fc9ff34976d6b7037fd"},
    {file = "regex-2024.4.16-cp311-cp311-macosx_11_0_arm64.whl", hash = "sha256:fd80d1280d473500d8086d104962a82d77bfbf2b118053824b7be28cd5a79ea5"},
    {file = "regex-2024.4.16-cp311-cp311-manylinux_2_17_aarch64.manylinux2014_aarch64.whl", hash = "sha256:7bb966fdd9217e53abf824f437a5a2d643a38d4fd5fd0ca711b9da683d452969"},
    {file = "regex-2024.4.16-cp311-cp311-manylinux_2_17_ppc64le.manylinux2014_ppc64le.whl", hash = "sha256:20b7a68444f536365af42a75ccecb7ab41a896a04acf58432db9e206f4e525d6"},
    {file = "regex-2024.4.16-cp311-cp311-manylinux_2_17_s390x.manylinux2014_s390x.whl", hash = "sha256:b74586dd0b039c62416034f811d7ee62810174bb70dffcca6439f5236249eb09"},
    {file = "regex-2024.4.16-cp311-cp311-manylinux_2_17_x86_64.manylinux2014_x86_64.whl", hash = "sha256:0c8290b44d8b0af4e77048646c10c6e3aa583c1ca67f3b5ffb6e06cf0c6f0f89"},
    {file = "regex-2024.4.16-cp311-cp311-manylinux_2_5_i686.manylinux1_i686.manylinux_2_17_i686.manylinux2014_i686.whl", hash = "sha256:f2d80a6749724b37853ece57988b39c4e79d2b5fe2869a86e8aeae3bbeef9eb0"},
    {file = "regex-2024.4.16-cp311-cp311-musllinux_1_1_aarch64.whl", hash = "sha256:3a1018e97aeb24e4f939afcd88211ace472ba566efc5bdf53fd8fd7f41fa7170"},
    {file = "regex-2024.4.16-cp311-cp311-musllinux_1_1_i686.whl", hash = "sha256:8d015604ee6204e76569d2f44e5a210728fa917115bef0d102f4107e622b08d5"},
    {file = "regex-2024.4.16-cp311-cp311-musllinux_1_1_ppc64le.whl", hash = "sha256:3d5ac5234fb5053850d79dd8eb1015cb0d7d9ed951fa37aa9e6249a19aa4f336"},
    {file = "regex-2024.4.16-cp311-cp311-musllinux_1_1_s390x.whl", hash = "sha256:0a38d151e2cdd66d16dab550c22f9521ba79761423b87c01dae0a6e9add79c0d"},
    {file = "regex-2024.4.16-cp311-cp311-musllinux_1_1_x86_64.whl", hash = "sha256:159dc4e59a159cb8e4e8f8961eb1fa5d58f93cb1acd1701d8aff38d45e1a84a6"},
    {file = "regex-2024.4.16-cp311-cp311-win32.whl", hash = "sha256:ba2336d6548dee3117520545cfe44dc28a250aa091f8281d28804aa8d707d93d"},
    {file = "regex-2024.4.16-cp311-cp311-win_amd64.whl", hash = "sha256:8f83b6fd3dc3ba94d2b22717f9c8b8512354fd95221ac661784df2769ea9bba9"},
    {file = "regex-2024.4.16-cp312-cp312-macosx_10_9_universal2.whl", hash = "sha256:80b696e8972b81edf0af2a259e1b2a4a661f818fae22e5fa4fa1a995fb4a40fd"},
    {file = "regex-2024.4.16-cp312-cp312-macosx_10_9_x86_64.whl", hash = "sha256:d61ae114d2a2311f61d90c2ef1358518e8f05eafda76eaf9c772a077e0b465ec"},
    {file = "regex-2024.4.16-cp312-cp312-macosx_11_0_arm64.whl", hash = "sha256:8ba6745440b9a27336443b0c285d705ce73adb9ec90e2f2004c64d95ab5a7598"},
    {file = "regex-2024.4.16-cp312-cp312-manylinux_2_17_aarch64.manylinux2014_aarch64.whl", hash = "sha256:6295004b2dd37b0835ea5c14a33e00e8cfa3c4add4d587b77287825f3418d310"},
    {file = "regex-2024.4.16-cp312-cp312-manylinux_2_17_ppc64le.manylinux2014_ppc64le.whl", hash = "sha256:4aba818dcc7263852aabb172ec27b71d2abca02a593b95fa79351b2774eb1d2b"},
    {file = "regex-2024.4.16-cp312-cp312-manylinux_2_17_s390x.manylinux2014_s390x.whl", hash = "sha256:d0800631e565c47520aaa04ae38b96abc5196fe8b4aa9bd864445bd2b5848a7a"},
    {file = "regex-2024.4.16-cp312-cp312-manylinux_2_17_x86_64.manylinux2014_x86_64.whl", hash = "sha256:08dea89f859c3df48a440dbdcd7b7155bc675f2fa2ec8c521d02dc69e877db70"},
    {file = "regex-2024.4.16-cp312-cp312-manylinux_2_5_i686.manylinux1_i686.manylinux_2_17_i686.manylinux2014_i686.whl", hash = "sha256:eeaa0b5328b785abc344acc6241cffde50dc394a0644a968add75fcefe15b9d4"},
    {file = "regex-2024.4.16-cp312-cp312-musllinux_1_1_aarch64.whl", hash = "sha256:4e819a806420bc010489f4e741b3036071aba209f2e0989d4750b08b12a9343f"},
    {file = "regex-2024.4.16-cp312-cp312-musllinux_1_1_i686.whl", hash = "sha256:c2d0e7cbb6341e830adcbfa2479fdeebbfbb328f11edd6b5675674e7a1e37730"},
    {file = "regex-2024.4.16-cp312-cp312-musllinux_1_1_ppc64le.whl", hash = "sha256:91797b98f5e34b6a49f54be33f72e2fb658018ae532be2f79f7c63b4ae225145"},
    {file = "regex-2024.4.16-cp312-cp312-musllinux_1_1_s390x.whl", hash = "sha256:d2da13568eff02b30fd54fccd1e042a70fe920d816616fda4bf54ec705668d81"},
    {file = "regex-2024.4.16-cp312-cp312-musllinux_1_1_x86_64.whl", hash = "sha256:370c68dc5570b394cbaadff50e64d705f64debed30573e5c313c360689b6aadc"},
    {file = "regex-2024.4.16-cp312-cp312-win32.whl", hash = "sha256:904c883cf10a975b02ab3478bce652f0f5346a2c28d0a8521d97bb23c323cc8b"},
    {file = "regex-2024.4.16-cp312-cp312-win_amd64.whl", hash = "sha256:785c071c982dce54d44ea0b79cd6dfafddeccdd98cfa5f7b86ef69b381b457d9"},
    {file = "regex-2024.4.16.tar.gz", hash = "sha256:fa454d26f2e87ad661c4f0c5a5fe4cf6aab1e307d1b94f16ffdfcb089ba685c0"},
]

[[package]]
name = "tqdm"
version = "4.66.2"
requires_python = ">=3.7"
summary = "Fast, Extensible Progress Meter"
groups = ["default"]
dependencies = [
    "colorama; platform_system == \"Windows\"",
]
files = [
    {file = "tqdm-4.66.2-py3-none-any.whl", hash = "sha256:1ee4f8a893eb9bef51c6e35730cebf234d5d0b6bd112b0271e10ed7c24a02bd9"},
    {file = "tqdm-4.66.2.tar.gz", hash = "sha256:6cd52cdf0fef0e0f543299cfc96fec90d7b8a7e88745f411ec33eb44d5ed3531"},
]
